
Microsoft Visual Studio Solution File, Format Version 12.00
# Visual Studio 2013
VisualStudioVersion = 12.0.21005.1
MinimumVisualStudioVersion = 10.0.40219.1
Project("{FAE04EC0-301F-11D3-BF4B-00C04F79EFBC}") = "Mediasharing", "Mediasharing\Mediasharing.csproj", "{43E5767D-8443-423A-A21E-F414F2726701}"
EndProject
Project("{FAE04EC0-301F-11D3-BF4B-00C04F79EFBC}") = "Access", "Access\Access.csproj", "{81690AF4-465C-45AD-9912-5C5F1EAE30E6}"
EndProject
Project("{FAE04EC0-301F-11D3-BF4B-00C04F79EFBC}") = "ProductRental", "ProductRental\ProductRental.csproj", "{8659F9AD-A2E8-4D1D-99F4-5ACD051256A5}"
EndProject
Project("{FAE04EC0-301F-11D3-BF4B-00C04F79EFBC}") = "Reservation", "Reservation\Reservation.csproj", "{25B5D0A2-AB74-4FD7-AE20-9CDE95EA7EFB}"
EndProject
Project("{FAE04EC0-301F-11D3-BF4B-00C04F79EFBC}") = "SharedClasses", "SharedClasses\SharedClasses.csproj", "{AF486228-311A-4A2D-BB1A-8B429741A151}"
EndProject
Global
	GlobalSection(SolutionConfigurationPlatforms) = preSolution
		Debug|Any CPU = Debug|Any CPU
		Release|Any CPU = Release|Any CPU
	EndGlobalSection
	GlobalSection(ProjectConfigurationPlatforms) = postSolution
		{43E5767D-8443-423A-A21E-F414F2726701}.Debug|Any CPU.ActiveCfg = Debug|Any CPU
		{43E5767D-8443-423A-A21E-F414F2726701}.Debug|Any CPU.Build.0 = Debug|Any CPU
		{43E5767D-8443-423A-A21E-F414F2726701}.Release|Any CPU.ActiveCfg = Release|Any CPU
		{43E5767D-8443-423A-A21E-F414F2726701}.Release|Any CPU.Build.0 = Release|Any CPU
		{81690AF4-465C-45AD-9912-5C5F1EAE30E6}.Debug|Any CPU.ActiveCfg = Debug|Any CPU
		{81690AF4-465C-45AD-9912-5C5F1EAE30E6}.Debug|Any CPU.Build.0 = Debug|Any CPU
		{81690AF4-465C-45AD-9912-5C5F1EAE30E6}.Release|Any CPU.ActiveCfg = Release|Any CPU
		{81690AF4-465C-45AD-9912-5C5F1EAE30E6}.Release|Any CPU.Build.0 = Release|Any CPU
		{8659F9AD-A2E8-4D1D-99F4-5ACD051256A5}.Debug|Any CPU.ActiveCfg = Debug|Any CPU
		{8659F9AD-A2E8-4D1D-99F4-5ACD051256A5}.Debug|Any CPU.Build.0 = Debug|Any CPU
		{8659F9AD-A2E8-4D1D-99F4-5ACD051256A5}.Release|Any CPU.ActiveCfg = Release|Any CPU
		{8659F9AD-A2E8-4D1D-99F4-5ACD051256A5}.Release|Any CPU.Build.0 = Release|Any CPU
		{25B5D0A2-AB74-4FD7-AE20-9CDE95EA7EFB}.Debug|Any CPU.ActiveCfg = Debug|Any CPU
		{25B5D0A2-AB74-4FD7-AE20-9CDE95EA7EFB}.Debug|Any CPU.Build.0 = Debug|Any CPU
		{25B5D0A2-AB74-4FD7-AE20-9CDE95EA7EFB}.Release|Any CPU.ActiveCfg = Release|Any CPU
		{25B5D0A2-AB74-4FD7-AE20-9CDE95EA7EFB}.Release|Any CPU.Build.0 = Release|Any CPU
		{AF486228-311A-4A2D-BB1A-8B429741A151}.Debug|Any CPU.ActiveCfg = Debug|Any CPU
		{AF486228-311A-4A2D-BB1A-8B429741A151}.Debug|Any CPU.Build.0 = Debug|Any CPU
		{AF486228-311A-4A2D-BB1A-8B429741A151}.Release|Any CPU.ActiveCfg = Release|Any CPU
		{AF486228-311A-4A2D-BB1A-8B429741A151}.Release|Any CPU.Build.0 = Release|Any CPU
	EndGlobalSection
	GlobalSection(SolutionProperties) = preSolution
		HideSolutionNode = FALSE
	EndGlobalSection
EndGlobal
